// !$*UTF8*$!
{
	archiveVersion = 1;
	classes = {
	};
	objectVersion = 46;
	objects = {

/* Begin PBXBuildFile section */
		941109C21C0CDF3C00E67905 /* UIColorExtension.swift in Sources */ = {isa = PBXBuildFile; fileRef = 941109C01C0CDF3C00E67905 /* UIColorExtension.swift */; };
		941109C31C0CDF3C00E67905 /* UIFontExtension.swift in Sources */ = {isa = PBXBuildFile; fileRef = 941109C11C0CDF3C00E67905 /* UIFontExtension.swift */; };
		941421771C2BAA6B00D9495E /* PickerTableViewCell.swift in Sources */ = {isa = PBXBuildFile; fileRef = 941421761C2BAA6B00D9495E /* PickerTableViewCell.swift */; };
		941421791C2C430100D9495E /* ServiceAvisoTableViewCell.swift in Sources */ = {isa = PBXBuildFile; fileRef = 941421781C2C430100D9495E /* ServiceAvisoTableViewCell.swift */; };
		9414217D1C2C59E200D9495E /* SliderTableViewCell.swift in Sources */ = {isa = PBXBuildFile; fileRef = 9414217C1C2C59E200D9495E /* SliderTableViewCell.swift */; };
		9414217F1C2C65C800D9495E /* PredictionTableViewCell.swift in Sources */ = {isa = PBXBuildFile; fileRef = 9414217E1C2C65C800D9495E /* PredictionTableViewCell.swift */; };
		941421811C2C6E1600D9495E /* ButtonTableFooterView.swift in Sources */ = {isa = PBXBuildFile; fileRef = 941421801C2C6E1600D9495E /* ButtonTableFooterView.swift */; };
		941421831C30CC7800D9495E /* RecoverDTO.swift in Sources */ = {isa = PBXBuildFile; fileRef = 941421821C30CC7800D9495E /* RecoverDTO.swift */; };
		941CA12A1C322B9D004E4969 /* WeatherService.swift in Sources */ = {isa = PBXBuildFile; fileRef = 941CA1291C322B9D004E4969 /* WeatherService.swift */; };
		941CA12C1C322DC1004E4969 /* WeatherDAO.swift in Sources */ = {isa = PBXBuildFile; fileRef = 941CA12B1C322DC1004E4969 /* WeatherDAO.swift */; };
		941CA1301C323B66004E4969 /* ForecastDTO.swift in Sources */ = {isa = PBXBuildFile; fileRef = 941CA12F1C323B66004E4969 /* ForecastDTO.swift */; };
		941CA1321C3B676F004E4969 /* ConditionDTO.swift in Sources */ = {isa = PBXBuildFile; fileRef = 941CA1311C3B676F004E4969 /* ConditionDTO.swift */; };
		941CA1341C3CB49D004E4969 /* AlarmDTO.swift in Sources */ = {isa = PBXBuildFile; fileRef = 941CA1331C3CB49D004E4969 /* AlarmDTO.swift */; };
		941CA1361C3F58CA004E4969 /* AlarmService.swift in Sources */ = {isa = PBXBuildFile; fileRef = 941CA1351C3F58CA004E4969 /* AlarmService.swift */; };
		941CA1381C3F5911004E4969 /* AlarmDAO.swift in Sources */ = {isa = PBXBuildFile; fileRef = 941CA1371C3F5911004E4969 /* AlarmDAO.swift */; };
		941CA13A1C3F5BCD004E4969 /* PersonalAlarmDTO.swift in Sources */ = {isa = PBXBuildFile; fileRef = 941CA1391C3F5BCD004E4969 /* PersonalAlarmDTO.swift */; };
		941CA13C1C3F5BF5004E4969 /* EventDTO.swift in Sources */ = {isa = PBXBuildFile; fileRef = 941CA13B1C3F5BF5004E4969 /* EventDTO.swift */; };
		941CA13E1C3F6179004E4969 /* TournamentDTO.swift in Sources */ = {isa = PBXBuildFile; fileRef = 941CA13D1C3F6179004E4969 /* TournamentDTO.swift */; };
		941CA1401C3F6268004E4969 /* TeamDTO.swift in Sources */ = {isa = PBXBuildFile; fileRef = 941CA13F1C3F6268004E4969 /* TeamDTO.swift */; };
		9425DB251C2A0DBC003CDB83 /* Reachability.m in Sources */ = {isa = PBXBuildFile; fileRef = 9425DB221C2A0DBC003CDB83 /* Reachability.m */; };
		9425DB261C2A0DBC003CDB83 /* TTInternetConnection.m in Sources */ = {isa = PBXBuildFile; fileRef = 9425DB241C2A0DBC003CDB83 /* TTInternetConnection.m */; };
		9425DB291C2A0E34003CDB83 /* GenericDAO.swift in Sources */ = {isa = PBXBuildFile; fileRef = 9425DB281C2A0E34003CDB83 /* GenericDAO.swift */; };
		9425DB301C2A0ED4003CDB83 /* GenericDTO.swift in Sources */ = {isa = PBXBuildFile; fileRef = 9425DB2E1C2A0ED4003CDB83 /* GenericDTO.swift */; };
		9425DB351C2A0F09003CDB83 /* GenericService.swift in Sources */ = {isa = PBXBuildFile; fileRef = 9425DB331C2A0F09003CDB83 /* GenericService.swift */; };
		9425DB361C2A0F09003CDB83 /* ServiceResult.swift in Sources */ = {isa = PBXBuildFile; fileRef = 9425DB341C2A0F09003CDB83 /* ServiceResult.swift */; };
		9425DB401C2A3022003CDB83 /* UserService.swift in Sources */ = {isa = PBXBuildFile; fileRef = 9425DB3F1C2A3022003CDB83 /* UserService.swift */; };
		9425DB421C2A304A003CDB83 /* UserDTO.swift in Sources */ = {isa = PBXBuildFile; fileRef = 9425DB411C2A304A003CDB83 /* UserDTO.swift */; };
		9425DB441C2A3076003CDB83 /* UserDAO.swift in Sources */ = {isa = PBXBuildFile; fileRef = 9425DB431C2A3076003CDB83 /* UserDAO.swift */; };
		942A99661C1A12A400B12292 /* GenericTableViewController.swift in Sources */ = {isa = PBXBuildFile; fileRef = 942A99651C1A12A400B12292 /* GenericTableViewController.swift */; };
		942A99701C1A13BF00B12292 /* TorneosTableViewController.swift in Sources */ = {isa = PBXBuildFile; fileRef = 942A996F1C1A13BF00B12292 /* TorneosTableViewController.swift */; };
		942A99721C1A13D900B12292 /* ServicioTableViewController.swift in Sources */ = {isa = PBXBuildFile; fileRef = 942A99711C1A13D900B12292 /* ServicioTableViewController.swift */; };
		942A99741C1A13EF00B12292 /* PerfilTableViewController.swift in Sources */ = {isa = PBXBuildFile; fileRef = 942A99731C1A13EF00B12292 /* PerfilTableViewController.swift */; };
		942A99791C1A15C000B12292 /* GenericTableViewCell.swift in Sources */ = {isa = PBXBuildFile; fileRef = 942A99781C1A15C000B12292 /* GenericTableViewCell.swift */; };
		942A997B1C1A15F500B12292 /* InfoAlarmTableViewCell.swift in Sources */ = {isa = PBXBuildFile; fileRef = 942A997A1C1A15F500B12292 /* InfoAlarmTableViewCell.swift */; };
		942A997D1C1A165F00B12292 /* ItemTableViewCell.swift in Sources */ = {isa = PBXBuildFile; fileRef = 942A997C1C1A165F00B12292 /* ItemTableViewCell.swift */; };
		942A997F1C1A169600B12292 /* ServicioTabCells.plist in Resources */ = {isa = PBXBuildFile; fileRef = 942A997E1C1A169600B12292 /* ServicioTabCells.plist */; };
		942C18FD1C57C71C0071D10A /* CancelEventButtonTableViewCell.swift in Sources */ = {isa = PBXBuildFile; fileRef = 942C18FC1C57C71C0071D10A /* CancelEventButtonTableViewCell.swift */; };
		94457EDB1C4D8224004D4E80 /* CheckAlarmDTO.swift in Sources */ = {isa = PBXBuildFile; fileRef = 94457EDA1C4D8224004D4E80 /* CheckAlarmDTO.swift */; };
		944728261C472B7600F8E963 /* PerfilTabCells.plist in Resources */ = {isa = PBXBuildFile; fileRef = 944728251C472B7600F8E963 /* PerfilTabCells.plist */; };
		944728291C47331200F8E963 /* PictureTableViewCell.swift in Sources */ = {isa = PBXBuildFile; fileRef = 944728281C47331200F8E963 /* PictureTableViewCell.swift */; };
		9447282B1C47343600F8E963 /* CirclePictureView.swift in Sources */ = {isa = PBXBuildFile; fileRef = 9447282A1C47343600F8E963 /* CirclePictureView.swift */; };
		9447282D1C47446700F8E963 /* AddressTableViewCell.swift in Sources */ = {isa = PBXBuildFile; fileRef = 9447282C1C47446700F8E963 /* AddressTableViewCell.swift */; };
		9447282F1C474B7B00F8E963 /* ConfigTableViewCell.swift in Sources */ = {isa = PBXBuildFile; fileRef = 9447282E1C474B7B00F8E963 /* ConfigTableViewCell.swift */; };
		944728311C475B7800F8E963 /* AdminViewController.swift in Sources */ = {isa = PBXBuildFile; fileRef = 944728301C475B7800F8E963 /* AdminViewController.swift */; };
		944728331C47615800F8E963 /* NewAlarmTableViewController.swift in Sources */ = {isa = PBXBuildFile; fileRef = 944728321C47615800F8E963 /* NewAlarmTableViewController.swift */; };
		944728351C4893EE00F8E963 /* NewAlarmCells.plist in Resources */ = {isa = PBXBuildFile; fileRef = 944728341C4893EE00F8E963 /* NewAlarmCells.plist */; };
		944728371C489A3700F8E963 /* NewAlarmInsertTableViewCell.swift in Sources */ = {isa = PBXBuildFile; fileRef = 944728361C489A3700F8E963 /* NewAlarmInsertTableViewCell.swift */; };
		944728391C4C3A0100F8E963 /* GenericViewController.swift in Sources */ = {isa = PBXBuildFile; fileRef = 944728381C4C3A0100F8E963 /* GenericViewController.swift */; };
		9447283B1C4C3A1F00F8E963 /* ServicioViewController.swift in Sources */ = {isa = PBXBuildFile; fileRef = 9447283A1C4C3A1F00F8E963 /* ServicioViewController.swift */; };
		9447283D1C4C537300F8E963 /* AlarmasViewController.swift in Sources */ = {isa = PBXBuildFile; fileRef = 9447283C1C4C537300F8E963 /* AlarmasViewController.swift */; };
		9447283F1C4C5AF300F8E963 /* TorneosViewController.swift in Sources */ = {isa = PBXBuildFile; fileRef = 9447283E1C4C5AF300F8E963 /* TorneosViewController.swift */; };
		944728411C4C5D3800F8E963 /* PerfilViewController.swift in Sources */ = {isa = PBXBuildFile; fileRef = 944728401C4C5D3800F8E963 /* PerfilViewController.swift */; };
		944728441C4C62E100F8E963 /* TorneoAdminTableViewCell.swift in Sources */ = {isa = PBXBuildFile; fileRef = 944728431C4C62E100F8E963 /* TorneoAdminTableViewCell.swift */; };
		944728461C4C7E0A00F8E963 /* NewAlarmViewController.swift in Sources */ = {isa = PBXBuildFile; fileRef = 944728451C4C7E0A00F8E963 /* NewAlarmViewController.swift */; };
		944728481C4C896B00F8E963 /* DaysButtonsView.swift in Sources */ = {isa = PBXBuildFile; fileRef = 944728471C4C896B00F8E963 /* DaysButtonsView.swift */; };
		9447284A1C4C89B600F8E963 /* CircleDayButtonView.swift in Sources */ = {isa = PBXBuildFile; fileRef = 944728491C4C89B600F8E963 /* CircleDayButtonView.swift */; };
		9447284C1C4D72E100F8E963 /* TournamentService.swift in Sources */ = {isa = PBXBuildFile; fileRef = 9447284B1C4D72E100F8E963 /* TournamentService.swift */; };
		9447284E1C4D730D00F8E963 /* TournamentDAO.swift in Sources */ = {isa = PBXBuildFile; fileRef = 9447284D1C4D730D00F8E963 /* TournamentDAO.swift */; };
		944728501C4D735500F8E963 /* TournamentAdminDTO.swift in Sources */ = {isa = PBXBuildFile; fileRef = 9447284F1C4D735500F8E963 /* TournamentAdminDTO.swift */; };
		94500D611C344616003A70FA /* LocationTableViewCell.swift in Sources */ = {isa = PBXBuildFile; fileRef = 94500D601C344616003A70FA /* LocationTableViewCell.swift */; };
		94500D671C3455FD003A70FA /* LocationDTO.swift in Sources */ = {isa = PBXBuildFile; fileRef = 94500D661C3455FD003A70FA /* LocationDTO.swift */; };
		94500D6A1C346E20003A70FA /* PopUpPickerViewController.swift in Sources */ = {isa = PBXBuildFile; fileRef = 94500D691C346E20003A70FA /* PopUpPickerViewController.swift */; };
		945C48B01C0F8168006367C9 /* MainTabBarController.swift in Sources */ = {isa = PBXBuildFile; fileRef = 945C48AF1C0F8168006367C9 /* MainTabBarController.swift */; };
		94686C731C0BA9EE00D05BD9 /* AppDelegate.swift in Sources */ = {isa = PBXBuildFile; fileRef = 94686C721C0BA9EE00D05BD9 /* AppDelegate.swift */; };
		94686C7A1C0BA9EE00D05BD9 /* Assets.xcassets in Resources */ = {isa = PBXBuildFile; fileRef = 94686C791C0BA9EE00D05BD9 /* Assets.xcassets */; };
		9476A9051C2B9EA6004AB8E3 /* ServicePickerTableViewCell.swift in Sources */ = {isa = PBXBuildFile; fileRef = 9476A9041C2B9EA6004AB8E3 /* ServicePickerTableViewCell.swift */; };
		94801F861C0DD7D100D05D6E /* TourViewController.swift in Sources */ = {isa = PBXBuildFile; fileRef = 94801F851C0DD7D100D05D6E /* TourViewController.swift */; };
		94801F891C0DD8D100D05D6E /* RegisterViewController.swift in Sources */ = {isa = PBXBuildFile; fileRef = 94801F881C0DD8D100D05D6E /* RegisterViewController.swift */; };
		94801F911C0DDFC100D05D6E /* RegisterFieldView.swift in Sources */ = {isa = PBXBuildFile; fileRef = 94801F8E1C0DDFC100D05D6E /* RegisterFieldView.swift */; };
		94801F921C0DDFC100D05D6E /* TourView.swift in Sources */ = {isa = PBXBuildFile; fileRef = 94801F901C0DDFC100D05D6E /* TourView.swift */; };
		94801F961C0E143400D05D6E /* CreateAccountViewController.swift in Sources */ = {isa = PBXBuildFile; fileRef = 94801F951C0E143400D05D6E /* CreateAccountViewController.swift */; };
		94801F9A1C0F368800D05D6E /* Lato-Regular.ttf in Resources */ = {isa = PBXBuildFile; fileRef = 94801F991C0F368800D05D6E /* Lato-Regular.ttf */; };
		94A39A511C28D12E00BA2BB8 /* LoginViewController.swift in Sources */ = {isa = PBXBuildFile; fileRef = 94A39A501C28D12E00BA2BB8 /* LoginViewController.swift */; };
		94A39A531C28D87500BA2BB8 /* AlarmItemTableViewCell.swift in Sources */ = {isa = PBXBuildFile; fileRef = 94A39A521C28D87500BA2BB8 /* AlarmItemTableViewCell.swift */; };
		94A39A551C28DCDD00BA2BB8 /* WeekDaysView.swift in Sources */ = {isa = PBXBuildFile; fileRef = 94A39A541C28DCDD00BA2BB8 /* WeekDaysView.swift */; };
		94A39A571C28F3B300BA2BB8 /* CircleDayView.swift in Sources */ = {isa = PBXBuildFile; fileRef = 94A39A561C28F3B300BA2BB8 /* CircleDayView.swift */; };
		94A39A5C1C28FA8400BA2BB8 /* TorneoItemTableViewCell.swift in Sources */ = {isa = PBXBuildFile; fileRef = 94A39A5B1C28FA8400BA2BB8 /* TorneoItemTableViewCell.swift */; };
		94A39A5E1C29021B00BA2BB8 /* AlarmHeaderView.swift in Sources */ = {isa = PBXBuildFile; fileRef = 94A39A5D1C29021B00BA2BB8 /* AlarmHeaderView.swift */; };
		94DEFEC21C51DE7400E40861 /* TorneosAdminViewController.swift in Sources */ = {isa = PBXBuildFile; fileRef = 94DEFEC11C51DE7400E40861 /* TorneosAdminViewController.swift */; };
		94DEFEC41C5700E700E40861 /* TournamentObjectDTO.swift in Sources */ = {isa = PBXBuildFile; fileRef = 94DEFEC31C5700E700E40861 /* TournamentObjectDTO.swift */; };
		94DEFEC61C570F3100E40861 /* TorneoCancelAllTableViewCell.swift in Sources */ = {isa = PBXBuildFile; fileRef = 94DEFEC51C570F3100E40861 /* TorneoCancelAllTableViewCell.swift */; };
		94F069881C571C5D00F88340 /* TournamentEventTableViewCell.swift in Sources */ = {isa = PBXBuildFile; fileRef = 94F069871C571C5D00F88340 /* TournamentEventTableViewCell.swift */; };
		A826FA5374D4448A1079C48C /* libPods.a in Frameworks */ = {isa = PBXBuildFile; fileRef = BAC99C11815F718924B1B194 /* libPods.a */; };
/* End PBXBuildFile section */

/* Begin PBXContainerItemProxy section */
		94686C841C0BA9EE00D05BD9 /* PBXContainerItemProxy */ = {
			isa = PBXContainerItemProxy;
			containerPortal = 94686C671C0BA9EE00D05BD9 /* Project object */;
			proxyType = 1;
			remoteGlobalIDString = 94686C6E1C0BA9EE00D05BD9;
			remoteInfo = NoWA;
		};
		94686C8F1C0BA9EE00D05BD9 /* PBXContainerItemProxy */ = {
			isa = PBXContainerItemProxy;
			containerPortal = 94686C671C0BA9EE00D05BD9 /* Project object */;
			proxyType = 1;
			remoteGlobalIDString = 94686C6E1C0BA9EE00D05BD9;
			remoteInfo = NoWA;
		};
/* End PBXContainerItemProxy section */

/* Begin PBXFileReference section */
		1D78AA6A48DB986E52D0FAD3 /* Pods.debug.xcconfig */ = {isa = PBXFileReference; includeInIndex = 1; lastKnownFileType = text.xcconfig; name = Pods.debug.xcconfig; path = "Pods/Target Support Files/Pods/Pods.debug.xcconfig"; sourceTree = "<group>"; };
		449A99101F6C47F0BC1B008D /* Pods.release.xcconfig */ = {isa = PBXFileReference; includeInIndex = 1; lastKnownFileType = text.xcconfig; name = Pods.release.xcconfig; path = "Pods/Target Support Files/Pods/Pods.release.xcconfig"; sourceTree = "<group>"; };
		941109C01C0CDF3C00E67905 /* UIColorExtension.swift */ = {isa = PBXFileReference; fileEncoding = 4; lastKnownFileType = sourcecode.swift; path = UIColorExtension.swift; sourceTree = "<group>"; };
		941109C11C0CDF3C00E67905 /* UIFontExtension.swift */ = {isa = PBXFileReference; fileEncoding = 4; lastKnownFileType = sourcecode.swift; path = UIFontExtension.swift; sourceTree = "<group>"; };
		941421761C2BAA6B00D9495E /* PickerTableViewCell.swift */ = {isa = PBXFileReference; fileEncoding = 4; lastKnownFileType = sourcecode.swift; name = PickerTableViewCell.swift; path = view/Servicio/PickerTableViewCell.swift; sourceTree = "<group>"; };
		941421781C2C430100D9495E /* ServiceAvisoTableViewCell.swift */ = {isa = PBXFileReference; fileEncoding = 4; lastKnownFileType = sourcecode.swift; name = ServiceAvisoTableViewCell.swift; path = view/Servicio/ServiceAvisoTableViewCell.swift; sourceTree = "<group>"; };
		9414217C1C2C59E200D9495E /* SliderTableViewCell.swift */ = {isa = PBXFileReference; fileEncoding = 4; lastKnownFileType = sourcecode.swift; name = SliderTableViewCell.swift; path = view/SliderTableViewCell.swift; sourceTree = "<group>"; };
		9414217E1C2C65C800D9495E /* PredictionTableViewCell.swift */ = {isa = PBXFileReference; fileEncoding = 4; lastKnownFileType = sourcecode.swift; name = PredictionTableViewCell.swift; path = view/PredictionTableViewCell.swift; sourceTree = "<group>"; };
		941421801C2C6E1600D9495E /* ButtonTableFooterView.swift */ = {isa = PBXFileReference; fileEncoding = 4; lastKnownFileType = sourcecode.swift; name = ButtonTableFooterView.swift; path = view/ButtonTableFooterView.swift; sourceTree = "<group>"; };
		941421821C30CC7800D9495E /* RecoverDTO.swift */ = {isa = PBXFileReference; fileEncoding = 4; lastKnownFileType = sourcecode.swift; name = RecoverDTO.swift; path = model/dto/RecoverDTO.swift; sourceTree = "<group>"; };
		941CA1291C322B9D004E4969 /* WeatherService.swift */ = {isa = PBXFileReference; fileEncoding = 4; lastKnownFileType = sourcecode.swift; name = WeatherService.swift; path = service/WeatherService.swift; sourceTree = "<group>"; };
		941CA12B1C322DC1004E4969 /* WeatherDAO.swift */ = {isa = PBXFileReference; fileEncoding = 4; lastKnownFileType = sourcecode.swift; name = WeatherDAO.swift; path = dao/WeatherDAO.swift; sourceTree = "<group>"; };
		941CA12F1C323B66004E4969 /* ForecastDTO.swift */ = {isa = PBXFileReference; fileEncoding = 4; lastKnownFileType = sourcecode.swift; name = ForecastDTO.swift; path = model/dto/ForecastDTO.swift; sourceTree = "<group>"; };
		941CA1311C3B676F004E4969 /* ConditionDTO.swift */ = {isa = PBXFileReference; fileEncoding = 4; lastKnownFileType = sourcecode.swift; name = ConditionDTO.swift; path = model/dto/ConditionDTO.swift; sourceTree = "<group>"; };
		941CA1331C3CB49D004E4969 /* AlarmDTO.swift */ = {isa = PBXFileReference; fileEncoding = 4; lastKnownFileType = sourcecode.swift; name = AlarmDTO.swift; path = model/dto/AlarmDTO.swift; sourceTree = "<group>"; };
		941CA1351C3F58CA004E4969 /* AlarmService.swift */ = {isa = PBXFileReference; fileEncoding = 4; lastKnownFileType = sourcecode.swift; name = AlarmService.swift; path = service/AlarmService.swift; sourceTree = "<group>"; };
		941CA1371C3F5911004E4969 /* AlarmDAO.swift */ = {isa = PBXFileReference; fileEncoding = 4; lastKnownFileType = sourcecode.swift; name = AlarmDAO.swift; path = dao/AlarmDAO.swift; sourceTree = "<group>"; };
		941CA1391C3F5BCD004E4969 /* PersonalAlarmDTO.swift */ = {isa = PBXFileReference; fileEncoding = 4; lastKnownFileType = sourcecode.swift; name = PersonalAlarmDTO.swift; path = model/dto/PersonalAlarmDTO.swift; sourceTree = "<group>"; };
		941CA13B1C3F5BF5004E4969 /* EventDTO.swift */ = {isa = PBXFileReference; fileEncoding = 4; lastKnownFileType = sourcecode.swift; name = EventDTO.swift; path = model/dto/EventDTO.swift; sourceTree = "<group>"; };
		941CA13D1C3F6179004E4969 /* TournamentDTO.swift */ = {isa = PBXFileReference; fileEncoding = 4; lastKnownFileType = sourcecode.swift; name = TournamentDTO.swift; path = model/TournamentDTO.swift; sourceTree = "<group>"; };
		941CA13F1C3F6268004E4969 /* TeamDTO.swift */ = {isa = PBXFileReference; fileEncoding = 4; lastKnownFileType = sourcecode.swift; name = TeamDTO.swift; path = model/dto/TeamDTO.swift; sourceTree = "<group>"; };
		9425DB211C2A0DBC003CDB83 /* Reachability.h */ = {isa = PBXFileReference; fileEncoding = 4; lastKnownFileType = sourcecode.c.h; path = Reachability.h; sourceTree = "<group>"; };
		9425DB221C2A0DBC003CDB83 /* Reachability.m */ = {isa = PBXFileReference; fileEncoding = 4; lastKnownFileType = sourcecode.c.objc; path = Reachability.m; sourceTree = "<group>"; };
		9425DB231C2A0DBC003CDB83 /* TTInternetConnection.h */ = {isa = PBXFileReference; fileEncoding = 4; lastKnownFileType = sourcecode.c.h; path = TTInternetConnection.h; sourceTree = "<group>"; };
		9425DB241C2A0DBC003CDB83 /* TTInternetConnection.m */ = {isa = PBXFileReference; fileEncoding = 4; lastKnownFileType = sourcecode.c.objc; path = TTInternetConnection.m; sourceTree = "<group>"; };
		9425DB281C2A0E34003CDB83 /* GenericDAO.swift */ = {isa = PBXFileReference; fileEncoding = 4; lastKnownFileType = sourcecode.swift; path = GenericDAO.swift; sourceTree = "<group>"; };
		9425DB2E1C2A0ED4003CDB83 /* GenericDTO.swift */ = {isa = PBXFileReference; fileEncoding = 4; lastKnownFileType = sourcecode.swift; path = GenericDTO.swift; sourceTree = "<group>"; };
		9425DB331C2A0F09003CDB83 /* GenericService.swift */ = {isa = PBXFileReference; fileEncoding = 4; lastKnownFileType = sourcecode.swift; path = GenericService.swift; sourceTree = "<group>"; };
		9425DB341C2A0F09003CDB83 /* ServiceResult.swift */ = {isa = PBXFileReference; fileEncoding = 4; lastKnownFileType = sourcecode.swift; path = ServiceResult.swift; sourceTree = "<group>"; };
		9425DB3F1C2A3022003CDB83 /* UserService.swift */ = {isa = PBXFileReference; fileEncoding = 4; lastKnownFileType = sourcecode.swift; path = UserService.swift; sourceTree = "<group>"; };
		9425DB411C2A304A003CDB83 /* UserDTO.swift */ = {isa = PBXFileReference; fileEncoding = 4; lastKnownFileType = sourcecode.swift; path = UserDTO.swift; sourceTree = "<group>"; };
		9425DB431C2A3076003CDB83 /* UserDAO.swift */ = {isa = PBXFileReference; fileEncoding = 4; lastKnownFileType = sourcecode.swift; path = UserDAO.swift; sourceTree = "<group>"; };
		942A99651C1A12A400B12292 /* GenericTableViewController.swift */ = {isa = PBXFileReference; fileEncoding = 4; lastKnownFileType = sourcecode.swift; name = GenericTableViewController.swift; path = viewcontroller/GenericTableViewController.swift; sourceTree = "<group>"; };
		942A996F1C1A13BF00B12292 /* TorneosTableViewController.swift */ = {isa = PBXFileReference; fileEncoding = 4; lastKnownFileType = sourcecode.swift; name = TorneosTableViewController.swift; path = viewcontroller/Torneos/TorneosTableViewController.swift; sourceTree = "<group>"; };
		942A99711C1A13D900B12292 /* ServicioTableViewController.swift */ = {isa = PBXFileReference; fileEncoding = 4; lastKnownFileType = sourcecode.swift; name = ServicioTableViewController.swift; path = viewcontroller/Servicio/ServicioTableViewController.swift; sourceTree = "<group>"; };
		942A99731C1A13EF00B12292 /* PerfilTableViewController.swift */ = {isa = PBXFileReference; fileEncoding = 4; lastKnownFileType = sourcecode.swift; name = PerfilTableViewController.swift; path = viewcontroller/Perfil/PerfilTableViewController.swift; sourceTree = "<group>"; };
		942A99781C1A15C000B12292 /* GenericTableViewCell.swift */ = {isa = PBXFileReference; fileEncoding = 4; lastKnownFileType = sourcecode.swift; name = GenericTableViewCell.swift; path = view/GenericTableViewCell.swift; sourceTree = "<group>"; };
		942A997A1C1A15F500B12292 /* InfoAlarmTableViewCell.swift */ = {isa = PBXFileReference; fileEncoding = 4; lastKnownFileType = sourcecode.swift; name = InfoAlarmTableViewCell.swift; path = view/Alarm/InfoAlarmTableViewCell.swift; sourceTree = "<group>"; };
		942A997C1C1A165F00B12292 /* ItemTableViewCell.swift */ = {isa = PBXFileReference; fileEncoding = 4; lastKnownFileType = sourcecode.swift; name = ItemTableViewCell.swift; path = view/Alarm/ItemTableViewCell.swift; sourceTree = "<group>"; };
		942A997E1C1A169600B12292 /* ServicioTabCells.plist */ = {isa = PBXFileReference; fileEncoding = 4; lastKnownFileType = text.plist.xml; path = ServicioTabCells.plist; sourceTree = "<group>"; };
		942C18FC1C57C71C0071D10A /* CancelEventButtonTableViewCell.swift */ = {isa = PBXFileReference; fileEncoding = 4; lastKnownFileType = sourcecode.swift; name = CancelEventButtonTableViewCell.swift; path = view/Perfil/CancelEventButtonTableViewCell.swift; sourceTree = "<group>"; };
		94457EDA1C4D8224004D4E80 /* CheckAlarmDTO.swift */ = {isa = PBXFileReference; fileEncoding = 4; lastKnownFileType = sourcecode.swift; path = CheckAlarmDTO.swift; sourceTree = "<group>"; };
		944728251C472B7600F8E963 /* PerfilTabCells.plist */ = {isa = PBXFileReference; fileEncoding = 4; lastKnownFileType = text.plist.xml; path = PerfilTabCells.plist; sourceTree = "<group>"; };
		944728281C47331200F8E963 /* PictureTableViewCell.swift */ = {isa = PBXFileReference; fileEncoding = 4; lastKnownFileType = sourcecode.swift; name = PictureTableViewCell.swift; path = view/Perfil/PictureTableViewCell.swift; sourceTree = "<group>"; };
		9447282A1C47343600F8E963 /* CirclePictureView.swift */ = {isa = PBXFileReference; fileEncoding = 4; lastKnownFileType = sourcecode.swift; name = CirclePictureView.swift; path = view/Perfil/CirclePictureView.swift; sourceTree = "<group>"; };
		9447282C1C47446700F8E963 /* AddressTableViewCell.swift */ = {isa = PBXFileReference; fileEncoding = 4; lastKnownFileType = sourcecode.swift; name = AddressTableViewCell.swift; path = view/Perfil/AddressTableViewCell.swift; sourceTree = "<group>"; };
		9447282E1C474B7B00F8E963 /* ConfigTableViewCell.swift */ = {isa = PBXFileReference; fileEncoding = 4; lastKnownFileType = sourcecode.swift; path = ConfigTableViewCell.swift; sourceTree = "<group>"; };
		944728301C475B7800F8E963 /* AdminViewController.swift */ = {isa = PBXFileReference; fileEncoding = 4; lastKnownFileType = sourcecode.swift; name = AdminViewController.swift; path = viewcontroller/Perfil/AdminViewController.swift; sourceTree = "<group>"; };
		944728321C47615800F8E963 /* NewAlarmTableViewController.swift */ = {isa = PBXFileReference; fileEncoding = 4; lastKnownFileType = sourcecode.swift; name = NewAlarmTableViewController.swift; path = viewcontroller/Alarmas/NewAlarmTableViewController.swift; sourceTree = "<group>"; };
		944728341C4893EE00F8E963 /* NewAlarmCells.plist */ = {isa = PBXFileReference; fileEncoding = 4; lastKnownFileType = text.plist.xml; path = NewAlarmCells.plist; sourceTree = "<group>"; };
		944728361C489A3700F8E963 /* NewAlarmInsertTableViewCell.swift */ = {isa = PBXFileReference; fileEncoding = 4; lastKnownFileType = sourcecode.swift; name = NewAlarmInsertTableViewCell.swift; path = view/Alarm/NewAlarmInsertTableViewCell.swift; sourceTree = "<group>"; };
		944728381C4C3A0100F8E963 /* GenericViewController.swift */ = {isa = PBXFileReference; fileEncoding = 4; lastKnownFileType = sourcecode.swift; name = GenericViewController.swift; path = viewcontroller/GenericViewController.swift; sourceTree = "<group>"; };
		9447283A1C4C3A1F00F8E963 /* ServicioViewController.swift */ = {isa = PBXFileReference; fileEncoding = 4; lastKnownFileType = sourcecode.swift; name = ServicioViewController.swift; path = viewcontroller/Servicio/ServicioViewController.swift; sourceTree = "<group>"; };
		9447283C1C4C537300F8E963 /* AlarmasViewController.swift */ = {isa = PBXFileReference; fileEncoding = 4; lastKnownFileType = sourcecode.swift; name = AlarmasViewController.swift; path = viewcontroller/Alarmas/AlarmasViewController.swift; sourceTree = "<group>"; };
		9447283E1C4C5AF300F8E963 /* TorneosViewController.swift */ = {isa = PBXFileReference; fileEncoding = 4; lastKnownFileType = sourcecode.swift; name = TorneosViewController.swift; path = viewcontroller/Torneos/TorneosViewController.swift; sourceTree = "<group>"; };
		944728401C4C5D3800F8E963 /* PerfilViewController.swift */ = {isa = PBXFileReference; fileEncoding = 4; lastKnownFileType = sourcecode.swift; name = PerfilViewController.swift; path = viewcontroller/Perfil/PerfilViewController.swift; sourceTree = "<group>"; };
		944728431C4C62E100F8E963 /* TorneoAdminTableViewCell.swift */ = {isa = PBXFileReference; fileEncoding = 4; lastKnownFileType = sourcecode.swift; name = TorneoAdminTableViewCell.swift; path = view/Perfil/TorneoAdminTableViewCell.swift; sourceTree = "<group>"; };
		944728451C4C7E0A00F8E963 /* NewAlarmViewController.swift */ = {isa = PBXFileReference; fileEncoding = 4; lastKnownFileType = sourcecode.swift; name = NewAlarmViewController.swift; path = viewcontroller/Alarmas/NewAlarmViewController.swift; sourceTree = "<group>"; };
		944728471C4C896B00F8E963 /* DaysButtonsView.swift */ = {isa = PBXFileReference; fileEncoding = 4; lastKnownFileType = sourcecode.swift; name = DaysButtonsView.swift; path = view/Alarm/DaysButtonsView.swift; sourceTree = "<group>"; };
		944728491C4C89B600F8E963 /* CircleDayButtonView.swift */ = {isa = PBXFileReference; fileEncoding = 4; lastKnownFileType = sourcecode.swift; name = CircleDayButtonView.swift; path = view/Alarm/CircleDayButtonView.swift; sourceTree = "<group>"; };
		9447284B1C4D72E100F8E963 /* TournamentService.swift */ = {isa = PBXFileReference; fileEncoding = 4; lastKnownFileType = sourcecode.swift; name = TournamentService.swift; path = service/TournamentService.swift; sourceTree = "<group>"; };
		9447284D1C4D730D00F8E963 /* TournamentDAO.swift */ = {isa = PBXFileReference; fileEncoding = 4; lastKnownFileType = sourcecode.swift; name = TournamentDAO.swift; path = dao/TournamentDAO.swift; sourceTree = "<group>"; };
		9447284F1C4D735500F8E963 /* TournamentAdminDTO.swift */ = {isa = PBXFileReference; fileEncoding = 4; lastKnownFileType = sourcecode.swift; name = TournamentAdminDTO.swift; path = model/dto/TournamentAdminDTO.swift; sourceTree = "<group>"; };
		94500D601C344616003A70FA /* LocationTableViewCell.swift */ = {isa = PBXFileReference; fileEncoding = 4; lastKnownFileType = sourcecode.swift; name = LocationTableViewCell.swift; path = view/LocationTableViewCell.swift; sourceTree = "<group>"; };
		94500D661C3455FD003A70FA /* LocationDTO.swift */ = {isa = PBXFileReference; fileEncoding = 4; lastKnownFileType = sourcecode.swift; name = LocationDTO.swift; path = model/dto/LocationDTO.swift; sourceTree = "<group>"; };
		94500D691C346E20003A70FA /* PopUpPickerViewController.swift */ = {isa = PBXFileReference; fileEncoding = 4; lastKnownFileType = sourcecode.swift; name = PopUpPickerViewController.swift; path = viewcontroller/PopUpPickerViewController.swift; sourceTree = "<group>"; };
		945C48AF1C0F8168006367C9 /* MainTabBarController.swift */ = {isa = PBXFileReference; fileEncoding = 4; lastKnownFileType = sourcecode.swift; name = MainTabBarController.swift; path = viewcontroller/MainTabBarController.swift; sourceTree = "<group>"; };
		94686C6F1C0BA9EE00D05BD9 /* NoWA.app */ = {isa = PBXFileReference; explicitFileType = wrapper.application; includeInIndex = 0; path = NoWA.app; sourceTree = BUILT_PRODUCTS_DIR; };
		94686C721C0BA9EE00D05BD9 /* AppDelegate.swift */ = {isa = PBXFileReference; lastKnownFileType = sourcecode.swift; path = AppDelegate.swift; sourceTree = "<group>"; };
		94686C791C0BA9EE00D05BD9 /* Assets.xcassets */ = {isa = PBXFileReference; lastKnownFileType = folder.assetcatalog; path = Assets.xcassets; sourceTree = "<group>"; };
		94686C7E1C0BA9EE00D05BD9 /* Info.plist */ = {isa = PBXFileReference; lastKnownFileType = text.plist.xml; path = Info.plist; sourceTree = "<group>"; };
		94686C831C0BA9EE00D05BD9 /* NoWATests.xctest */ = {isa = PBXFileReference; explicitFileType = wrapper.cfbundle; includeInIndex = 0; path = NoWATests.xctest; sourceTree = BUILT_PRODUCTS_DIR; };
		94686C8E1C0BA9EE00D05BD9 /* NoWAUITests.xctest */ = {isa = PBXFileReference; explicitFileType = wrapper.cfbundle; includeInIndex = 0; path = NoWAUITests.xctest; sourceTree = BUILT_PRODUCTS_DIR; };
		9476A9041C2B9EA6004AB8E3 /* ServicePickerTableViewCell.swift */ = {isa = PBXFileReference; fileEncoding = 4; lastKnownFileType = sourcecode.swift; name = ServicePickerTableViewCell.swift; path = view/Servicio/ServicePickerTableViewCell.swift; sourceTree = "<group>"; };
		94801F851C0DD7D100D05D6E /* TourViewController.swift */ = {isa = PBXFileReference; fileEncoding = 4; lastKnownFileType = sourcecode.swift; path = TourViewController.swift; sourceTree = "<group>"; };
		94801F881C0DD8D100D05D6E /* RegisterViewController.swift */ = {isa = PBXFileReference; fileEncoding = 4; lastKnownFileType = sourcecode.swift; path = RegisterViewController.swift; sourceTree = "<group>"; };
		94801F8E1C0DDFC100D05D6E /* RegisterFieldView.swift */ = {isa = PBXFileReference; fileEncoding = 4; lastKnownFileType = sourcecode.swift; path = RegisterFieldView.swift; sourceTree = "<group>"; };
		94801F901C0DDFC100D05D6E /* TourView.swift */ = {isa = PBXFileReference; fileEncoding = 4; lastKnownFileType = sourcecode.swift; path = TourView.swift; sourceTree = "<group>"; };
		94801F951C0E143400D05D6E /* CreateAccountViewController.swift */ = {isa = PBXFileReference; fileEncoding = 4; lastKnownFileType = sourcecode.swift; path = CreateAccountViewController.swift; sourceTree = "<group>"; };
		94801F991C0F368800D05D6E /* Lato-Regular.ttf */ = {isa = PBXFileReference; lastKnownFileType = file; path = "Lato-Regular.ttf"; sourceTree = "<group>"; };
		949778AF1C0CDDF80045099C /* NoWA-Bridging-Header.h */ = {isa = PBXFileReference; fileEncoding = 4; lastKnownFileType = sourcecode.c.h; path = "NoWA-Bridging-Header.h"; sourceTree = "<group>"; };
		94A39A501C28D12E00BA2BB8 /* LoginViewController.swift */ = {isa = PBXFileReference; fileEncoding = 4; lastKnownFileType = sourcecode.swift; path = LoginViewController.swift; sourceTree = "<group>"; };
		94A39A521C28D87500BA2BB8 /* AlarmItemTableViewCell.swift */ = {isa = PBXFileReference; fileEncoding = 4; lastKnownFileType = sourcecode.swift; name = AlarmItemTableViewCell.swift; path = view/Alarm/AlarmItemTableViewCell.swift; sourceTree = "<group>"; };
		94A39A541C28DCDD00BA2BB8 /* WeekDaysView.swift */ = {isa = PBXFileReference; fileEncoding = 4; lastKnownFileType = sourcecode.swift; name = WeekDaysView.swift; path = view/Alarm/WeekDaysView.swift; sourceTree = "<group>"; };
		94A39A561C28F3B300BA2BB8 /* CircleDayView.swift */ = {isa = PBXFileReference; fileEncoding = 4; lastKnownFileType = sourcecode.swift; name = CircleDayView.swift; path = view/CircleDayView.swift; sourceTree = "<group>"; };
		94A39A5B1C28FA8400BA2BB8 /* TorneoItemTableViewCell.swift */ = {isa = PBXFileReference; fileEncoding = 4; lastKnownFileType = sourcecode.swift; name = TorneoItemTableViewCell.swift; path = view/Torneos/TorneoItemTableViewCell.swift; sourceTree = "<group>"; };
		94A39A5D1C29021B00BA2BB8 /* AlarmHeaderView.swift */ = {isa = PBXFileReference; fileEncoding = 4; lastKnownFileType = sourcecode.swift; name = AlarmHeaderView.swift; path = view/Alarm/AlarmHeaderView.swift; sourceTree = "<group>"; };
		94DEFEC11C51DE7400E40861 /* TorneosAdminViewController.swift */ = {isa = PBXFileReference; fileEncoding = 4; lastKnownFileType = sourcecode.swift; name = TorneosAdminViewController.swift; path = viewcontroller/Perfil/TorneosAdminViewController.swift; sourceTree = "<group>"; };
		94DEFEC31C5700E700E40861 /* TournamentObjectDTO.swift */ = {isa = PBXFileReference; fileEncoding = 4; lastKnownFileType = sourcecode.swift; name = TournamentObjectDTO.swift; path = model/dto/TournamentObjectDTO.swift; sourceTree = "<group>"; };
		94DEFEC51C570F3100E40861 /* TorneoCancelAllTableViewCell.swift */ = {isa = PBXFileReference; fileEncoding = 4; lastKnownFileType = sourcecode.swift; name = TorneoCancelAllTableViewCell.swift; path = view/Perfil/TorneoCancelAllTableViewCell.swift; sourceTree = "<group>"; };
		94F069871C571C5D00F88340 /* TournamentEventTableViewCell.swift */ = {isa = PBXFileReference; fileEncoding = 4; lastKnownFileType = sourcecode.swift; name = TournamentEventTableViewCell.swift; path = view/Perfil/TournamentEventTableViewCell.swift; sourceTree = "<group>"; };
		BAC99C11815F718924B1B194 /* libPods.a */ = {isa = PBXFileReference; explicitFileType = archive.ar; includeInIndex = 0; path = libPods.a; sourceTree = BUILT_PRODUCTS_DIR; };
/* End PBXFileReference section */

/* Begin PBXFrameworksBuildPhase section */
		94686C6C1C0BA9EE00D05BD9 /* Frameworks */ = {
			isa = PBXFrameworksBuildPhase;
			buildActionMask = 2147483647;
			files = (
				A826FA5374D4448A1079C48C /* libPods.a in Frameworks */,
			);
			runOnlyForDeploymentPostprocessing = 0;
		};
		94686C801C0BA9EE00D05BD9 /* Frameworks */ = {
			isa = PBXFrameworksBuildPhase;
			buildActionMask = 2147483647;
			files = (
			);
			runOnlyForDeploymentPostprocessing = 0;
		};
		94686C8B1C0BA9EE00D05BD9 /* Frameworks */ = {
			isa = PBXFrameworksBuildPhase;
			buildActionMask = 2147483647;
			files = (
			);
			runOnlyForDeploymentPostprocessing = 0;
		};
/* End PBXFrameworksBuildPhase section */

/* Begin PBXGroup section */
		941109BF1C0CDF3C00E67905 /* utils */ = {
			isa = PBXGroup;
			children = (
				941109C01C0CDF3C00E67905 /* UIColorExtension.swift */,
				941109C11C0CDF3C00E67905 /* UIFontExtension.swift */,
			);
			path = utils;
			sourceTree = "<group>";
		};
		9425DB201C2A0D9A003CDB83 /* component */ = {
			isa = PBXGroup;
			children = (
				9425DB211C2A0DBC003CDB83 /* Reachability.h */,
				9425DB221C2A0DBC003CDB83 /* Reachability.m */,
				9425DB231C2A0DBC003CDB83 /* TTInternetConnection.h */,
				9425DB241C2A0DBC003CDB83 /* TTInternetConnection.m */,
			);
			name = component;
			sourceTree = "<group>";
		};
		9425DB271C2A0E02003CDB83 /* dao */ = {
			isa = PBXGroup;
			children = (
				9425DB431C2A3076003CDB83 /* UserDAO.swift */,
				9425DB281C2A0E34003CDB83 /* GenericDAO.swift */,
				941CA12B1C322DC1004E4969 /* WeatherDAO.swift */,
				941CA1371C3F5911004E4969 /* AlarmDAO.swift */,
				9447284D1C4D730D00F8E963 /* TournamentDAO.swift */,
			);
			name = dao;
			sourceTree = "<group>";
		};
		9425DB2C1C2A0EBB003CDB83 /* model */ = {
			isa = PBXGroup;
			children = (
				9425DB2D1C2A0EC1003CDB83 /* dto */,
			);
			name = model;
			sourceTree = "<group>";
		};
		9425DB2D1C2A0EC1003CDB83 /* dto */ = {
			isa = PBXGroup;
			children = (
				9425DB411C2A304A003CDB83 /* UserDTO.swift */,
				9425DB2E1C2A0ED4003CDB83 /* GenericDTO.swift */,
				941421821C30CC7800D9495E /* RecoverDTO.swift */,
				941CA12F1C323B66004E4969 /* ForecastDTO.swift */,
				94500D661C3455FD003A70FA /* LocationDTO.swift */,
				941CA1311C3B676F004E4969 /* ConditionDTO.swift */,
				941CA1331C3CB49D004E4969 /* AlarmDTO.swift */,
				941CA1391C3F5BCD004E4969 /* PersonalAlarmDTO.swift */,
				941CA13B1C3F5BF5004E4969 /* EventDTO.swift */,
				941CA13D1C3F6179004E4969 /* TournamentDTO.swift */,
				941CA13F1C3F6268004E4969 /* TeamDTO.swift */,
				9447284F1C4D735500F8E963 /* TournamentAdminDTO.swift */,
				94457EDA1C4D8224004D4E80 /* CheckAlarmDTO.swift */,
				94DEFEC31C5700E700E40861 /* TournamentObjectDTO.swift */,
			);
			name = dto;
			sourceTree = "<group>";
		};
		9425DB321C2A0EF1003CDB83 /* service */ = {
			isa = PBXGroup;
			children = (
				9425DB3F1C2A3022003CDB83 /* UserService.swift */,
				9425DB331C2A0F09003CDB83 /* GenericService.swift */,
				9425DB341C2A0F09003CDB83 /* ServiceResult.swift */,
				941CA1291C322B9D004E4969 /* WeatherService.swift */,
				941CA1351C3F58CA004E4969 /* AlarmService.swift */,
				9447284B1C4D72E100F8E963 /* TournamentService.swift */,
			);
			name = service;
			sourceTree = "<group>";
		};
		942A99691C1A131200B12292 /* Alarmas */ = {
			isa = PBXGroup;
			children = (
				944728321C47615800F8E963 /* NewAlarmTableViewController.swift */,
				9447283C1C4C537300F8E963 /* AlarmasViewController.swift */,
				944728451C4C7E0A00F8E963 /* NewAlarmViewController.swift */,
			);
			name = Alarmas;
			sourceTree = "<group>";
		};
		942A996A1C1A132600B12292 /* Torneos */ = {
			isa = PBXGroup;
			children = (
				942A996F1C1A13BF00B12292 /* TorneosTableViewController.swift */,
				9447283E1C4C5AF300F8E963 /* TorneosViewController.swift */,
			);
			name = Torneos;
			sourceTree = "<group>";
		};
		942A996B1C1A133400B12292 /* Servicio */ = {
			isa = PBXGroup;
			children = (
				942A99711C1A13D900B12292 /* ServicioTableViewController.swift */,
				9447283A1C4C3A1F00F8E963 /* ServicioViewController.swift */,
			);
			name = Servicio;
			sourceTree = "<group>";
		};
		942A996C1C1A137700B12292 /* Perfil */ = {
			isa = PBXGroup;
			children = (
				942A99731C1A13EF00B12292 /* PerfilTableViewController.swift */,
				944728301C475B7800F8E963 /* AdminViewController.swift */,
				944728401C4C5D3800F8E963 /* PerfilViewController.swift */,
				94DEFEC11C51DE7400E40861 /* TorneosAdminViewController.swift */,
			);
			name = Perfil;
			sourceTree = "<group>";
		};
		942A99771C1A156100B12292 /* Alarmas */ = {
			isa = PBXGroup;
			children = (
				942A997A1C1A15F500B12292 /* InfoAlarmTableViewCell.swift */,
				942A997C1C1A165F00B12292 /* ItemTableViewCell.swift */,
				94A39A521C28D87500BA2BB8 /* AlarmItemTableViewCell.swift */,
				94A39A541C28DCDD00BA2BB8 /* WeekDaysView.swift */,
				94A39A561C28F3B300BA2BB8 /* CircleDayView.swift */,
				94A39A5D1C29021B00BA2BB8 /* AlarmHeaderView.swift */,
				944728361C489A3700F8E963 /* NewAlarmInsertTableViewCell.swift */,
				944728471C4C896B00F8E963 /* DaysButtonsView.swift */,
				944728491C4C89B600F8E963 /* CircleDayButtonView.swift */,
			);
			name = Alarmas;
			sourceTree = "<group>";
		};
		944728271C4732D700F8E963 /* Perfil */ = {
			isa = PBXGroup;
			children = (
				944728281C47331200F8E963 /* PictureTableViewCell.swift */,
				9447282A1C47343600F8E963 /* CirclePictureView.swift */,
				9447282C1C47446700F8E963 /* AddressTableViewCell.swift */,
				9447282E1C474B7B00F8E963 /* ConfigTableViewCell.swift */,
				944728431C4C62E100F8E963 /* TorneoAdminTableViewCell.swift */,
				94DEFEC51C570F3100E40861 /* TorneoCancelAllTableViewCell.swift */,
				94F069871C571C5D00F88340 /* TournamentEventTableViewCell.swift */,
				942C18FC1C57C71C0071D10A /* CancelEventButtonTableViewCell.swift */,
			);
			name = Perfil;
			sourceTree = "<group>";
		};
		94686C661C0BA9EE00D05BD9 = {
			isa = PBXGroup;
			children = (
				9497789D1C0CDC260045099C /* Frameworks */,
				94686C711C0BA9EE00D05BD9 /* NoWA */,
				94686C701C0BA9EE00D05BD9 /* Products */,
				AFC4C6ADB84285702FCCED31 /* Pods */,
			);
			sourceTree = "<group>";
		};
		94686C701C0BA9EE00D05BD9 /* Products */ = {
			isa = PBXGroup;
			children = (
				94686C6F1C0BA9EE00D05BD9 /* NoWA.app */,
				94686C831C0BA9EE00D05BD9 /* NoWATests.xctest */,
				94686C8E1C0BA9EE00D05BD9 /* NoWAUITests.xctest */,
			);
			name = Products;
			sourceTree = "<group>";
		};
		94686C711C0BA9EE00D05BD9 /* NoWA */ = {
			isa = PBXGroup;
			children = (
				9425DB321C2A0EF1003CDB83 /* service */,
				9425DB2C1C2A0EBB003CDB83 /* model */,
				9425DB271C2A0E02003CDB83 /* dao */,
				9425DB201C2A0D9A003CDB83 /* component */,
				94801F971C0F363900D05D6E /* Supporting Files */,
				94686C721C0BA9EE00D05BD9 /* AppDelegate.swift */,
				941109BF1C0CDF3C00E67905 /* utils */,
				94801F7C1C0CF28100D05D6E /* view */,
				949778AB1C0CDC610045099C /* Viewcontroller */,
			);
			path = NoWA;
			sourceTree = "<group>";
		};
		9476A9031C2B9E5A004AB8E3 /* Servicio */ = {
			isa = PBXGroup;
			children = (
				9476A9041C2B9EA6004AB8E3 /* ServicePickerTableViewCell.swift */,
				941421781C2C430100D9495E /* ServiceAvisoTableViewCell.swift */,
			);
			name = Servicio;
			sourceTree = "<group>";
		};
		94801F7C1C0CF28100D05D6E /* view */ = {
			isa = PBXGroup;
			children = (
				944728271C4732D700F8E963 /* Perfil */,
				9476A9031C2B9E5A004AB8E3 /* Servicio */,
				94A39A5A1C28FA5100BA2BB8 /* Torneos */,
				942A99771C1A156100B12292 /* Alarmas */,
				94801F8D1C0DDFC100D05D6E /* Register */,
				94801F8F1C0DDFC100D05D6E /* Tour */,
				942A99781C1A15C000B12292 /* GenericTableViewCell.swift */,
				9414217C1C2C59E200D9495E /* SliderTableViewCell.swift */,
				9414217E1C2C65C800D9495E /* PredictionTableViewCell.swift */,
				941421801C2C6E1600D9495E /* ButtonTableFooterView.swift */,
				941421761C2BAA6B00D9495E /* PickerTableViewCell.swift */,
				94500D601C344616003A70FA /* LocationTableViewCell.swift */,
			);
			name = view;
			sourceTree = "<group>";
		};
		94801F841C0DD7D100D05D6E /* Tour */ = {
			isa = PBXGroup;
			children = (
				94801F851C0DD7D100D05D6E /* TourViewController.swift */,
			);
			name = Tour;
			path = viewcontroller/Tour;
			sourceTree = "<group>";
		};
		94801F871C0DD8BC00D05D6E /* Register */ = {
			isa = PBXGroup;
			children = (
				94A39A501C28D12E00BA2BB8 /* LoginViewController.swift */,
				94801F881C0DD8D100D05D6E /* RegisterViewController.swift */,
				94801F951C0E143400D05D6E /* CreateAccountViewController.swift */,
			);
			name = Register;
			path = viewcontroller/Register;
			sourceTree = "<group>";
		};
		94801F8D1C0DDFC100D05D6E /* Register */ = {
			isa = PBXGroup;
			children = (
				94801F8E1C0DDFC100D05D6E /* RegisterFieldView.swift */,
			);
			name = Register;
			path = view/Register;
			sourceTree = "<group>";
		};
		94801F8F1C0DDFC100D05D6E /* Tour */ = {
			isa = PBXGroup;
			children = (
				94801F901C0DDFC100D05D6E /* TourView.swift */,
			);
			name = Tour;
			path = view/Tour;
			sourceTree = "<group>";
		};
		94801F971C0F363900D05D6E /* Supporting Files */ = {
			isa = PBXGroup;
			children = (
				94801F981C0F364B00D05D6E /* Fonts */,
				949778AF1C0CDDF80045099C /* NoWA-Bridging-Header.h */,
				94686C7E1C0BA9EE00D05BD9 /* Info.plist */,
				94686C791C0BA9EE00D05BD9 /* Assets.xcassets */,
				942A997E1C1A169600B12292 /* ServicioTabCells.plist */,
				944728251C472B7600F8E963 /* PerfilTabCells.plist */,
				944728341C4893EE00F8E963 /* NewAlarmCells.plist */,
			);
			name = "Supporting Files";
			sourceTree = "<group>";
		};
		94801F981C0F364B00D05D6E /* Fonts */ = {
			isa = PBXGroup;
			children = (
				94801F991C0F368800D05D6E /* Lato-Regular.ttf */,
			);
			name = Fonts;
			sourceTree = "<group>";
		};
		9497789D1C0CDC260045099C /* Frameworks */ = {
			isa = PBXGroup;
			children = (
				BAC99C11815F718924B1B194 /* libPods.a */,
			);
			name = Frameworks;
			sourceTree = "<group>";
		};
		949778AB1C0CDC610045099C /* Viewcontroller */ = {
			isa = PBXGroup;
			children = (
				942A996C1C1A137700B12292 /* Perfil */,
				942A996B1C1A133400B12292 /* Servicio */,
				942A996A1C1A132600B12292 /* Torneos */,
				942A99691C1A131200B12292 /* Alarmas */,
				94801F871C0DD8BC00D05D6E /* Register */,
				94801F841C0DD7D100D05D6E /* Tour */,
				945C48AF1C0F8168006367C9 /* MainTabBarController.swift */,
				942A99651C1A12A400B12292 /* GenericTableViewController.swift */,
				94500D691C346E20003A70FA /* PopUpPickerViewController.swift */,
				944728381C4C3A0100F8E963 /* GenericViewController.swift */,
			);
			name = Viewcontroller;
			sourceTree = "<group>";
		};
		94A39A5A1C28FA5100BA2BB8 /* Torneos */ = {
			isa = PBXGroup;
			children = (
				94A39A5B1C28FA8400BA2BB8 /* TorneoItemTableViewCell.swift */,
			);
			name = Torneos;
			sourceTree = "<group>";
		};
		AFC4C6ADB84285702FCCED31 /* Pods */ = {
			isa = PBXGroup;
			children = (
				1D78AA6A48DB986E52D0FAD3 /* Pods.debug.xcconfig */,
				449A99101F6C47F0BC1B008D /* Pods.release.xcconfig */,
			);
			name = Pods;
			sourceTree = "<group>";
		};
/* End PBXGroup section */

/* Begin PBXNativeTarget section */
		94686C6E1C0BA9EE00D05BD9 /* NoWA */ = {
			isa = PBXNativeTarget;
			buildConfigurationList = 94686C971C0BA9EE00D05BD9 /* Build configuration list for PBXNativeTarget "NoWA" */;
			buildPhases = (
				60D4A8A9ACA9E72D3B2DAEF2 /* Check Pods Manifest.lock */,
				94686C6B1C0BA9EE00D05BD9 /* Sources */,
				94686C6C1C0BA9EE00D05BD9 /* Frameworks */,
				94686C6D1C0BA9EE00D05BD9 /* Resources */,
				1E43078F88F151B678574EFA /* Copy Pods Resources */,
			);
			buildRules = (
			);
			dependencies = (
			);
			name = NoWA;
			productName = NoWA;
			productReference = 94686C6F1C0BA9EE00D05BD9 /* NoWA.app */;
			productType = "com.apple.product-type.application";
		};
		94686C821C0BA9EE00D05BD9 /* NoWATests */ = {
			isa = PBXNativeTarget;
			buildConfigurationList = 94686C9A1C0BA9EE00D05BD9 /* Build configuration list for PBXNativeTarget "NoWATests" */;
			buildPhases = (
				94686C7F1C0BA9EE00D05BD9 /* Sources */,
				94686C801C0BA9EE00D05BD9 /* Frameworks */,
				94686C811C0BA9EE00D05BD9 /* Resources */,
			);
			buildRules = (
			);
			dependencies = (
				94686C851C0BA9EE00D05BD9 /* PBXTargetDependency */,
			);
			name = NoWATests;
			productName = NoWATests;
			productReference = 94686C831C0BA9EE00D05BD9 /* NoWATests.xctest */;
			productType = "com.apple.product-type.bundle.unit-test";
		};
		94686C8D1C0BA9EE00D05BD9 /* NoWAUITests */ = {
			isa = PBXNativeTarget;
			buildConfigurationList = 94686C9D1C0BA9EE00D05BD9 /* Build configuration list for PBXNativeTarget "NoWAUITests" */;
			buildPhases = (
				94686C8A1C0BA9EE00D05BD9 /* Sources */,
				94686C8B1C0BA9EE00D05BD9 /* Frameworks */,
				94686C8C1C0BA9EE00D05BD9 /* Resources */,
			);
			buildRules = (
			);
			dependencies = (
				94686C901C0BA9EE00D05BD9 /* PBXTargetDependency */,
			);
			name = NoWAUITests;
			productName = NoWAUITests;
			productReference = 94686C8E1C0BA9EE00D05BD9 /* NoWAUITests.xctest */;
			productType = "com.apple.product-type.bundle.ui-testing";
		};
/* End PBXNativeTarget section */

/* Begin PBXProject section */
		94686C671C0BA9EE00D05BD9 /* Project object */ = {
			isa = PBXProject;
			attributes = {
				LastSwiftUpdateCheck = 0710;
				LastUpgradeCheck = 0710;
				ORGANIZATIONNAME = "Ernesto Garmendia Luis";
				TargetAttributes = {
					94686C6E1C0BA9EE00D05BD9 = {
						CreatedOnToolsVersion = 7.1;
						DevelopmentTeam = WDH25E4UXE;
					};
					94686C821C0BA9EE00D05BD9 = {
						CreatedOnToolsVersion = 7.1;
						TestTargetID = 94686C6E1C0BA9EE00D05BD9;
					};
					94686C8D1C0BA9EE00D05BD9 = {
						CreatedOnToolsVersion = 7.1;
						TestTargetID = 94686C6E1C0BA9EE00D05BD9;
					};
				};
			};
			buildConfigurationList = 94686C6A1C0BA9EE00D05BD9 /* Build configuration list for PBXProject "NoWA" */;
			compatibilityVersion = "Xcode 3.2";
			developmentRegion = English;
			hasScannedForEncodings = 0;
			knownRegions = (
				en,
				Base,
			);
			mainGroup = 94686C661C0BA9EE00D05BD9;
			productRefGroup = 94686C701C0BA9EE00D05BD9 /* Products */;
			projectDirPath = "";
			projectRoot = "";
			targets = (
				94686C6E1C0BA9EE00D05BD9 /* NoWA */,
				94686C821C0BA9EE00D05BD9 /* NoWATests */,
				94686C8D1C0BA9EE00D05BD9 /* NoWAUITests */,
			);
		};
/* End PBXProject section */

/* Begin PBXResourcesBuildPhase section */
		94686C6D1C0BA9EE00D05BD9 /* Resources */ = {
			isa = PBXResourcesBuildPhase;
			buildActionMask = 2147483647;
			files = (
				94686C7A1C0BA9EE00D05BD9 /* Assets.xcassets in Resources */,
				942A997F1C1A169600B12292 /* ServicioTabCells.plist in Resources */,
				944728351C4893EE00F8E963 /* NewAlarmCells.plist in Resources */,
				944728261C472B7600F8E963 /* PerfilTabCells.plist in Resources */,
				94801F9A1C0F368800D05D6E /* Lato-Regular.ttf in Resources */,
			);
			runOnlyForDeploymentPostprocessing = 0;
		};
		94686C811C0BA9EE00D05BD9 /* Resources */ = {
			isa = PBXResourcesBuildPhase;
			buildActionMask = 2147483647;
			files = (
			);
			runOnlyForDeploymentPostprocessing = 0;
		};
		94686C8C1C0BA9EE00D05BD9 /* Resources */ = {
			isa = PBXResourcesBuildPhase;
			buildActionMask = 2147483647;
			files = (
			);
			runOnlyForDeploymentPostprocessing = 0;
		};
/* End PBXResourcesBuildPhase section */

/* Begin PBXShellScriptBuildPhase section */
		1E43078F88F151B678574EFA /* Copy Pods Resources */ = {
			isa = PBXShellScriptBuildPhase;
			buildActionMask = 2147483647;
			files = (
			);
			inputPaths = (
			);
			name = "Copy Pods Resources";
			outputPaths = (
			);
			runOnlyForDeploymentPostprocessing = 0;
			shellPath = /bin/sh;
			shellScript = "\"${SRCROOT}/Pods/Target Support Files/Pods/Pods-resources.sh\"\n";
			showEnvVarsInLog = 0;
		};
		60D4A8A9ACA9E72D3B2DAEF2 /* Check Pods Manifest.lock */ = {
			isa = PBXShellScriptBuildPhase;
			buildActionMask = 2147483647;
			files = (
			);
			inputPaths = (
			);
			name = "Check Pods Manifest.lock";
			outputPaths = (
			);
			runOnlyForDeploymentPostprocessing = 0;
			shellPath = /bin/sh;
			shellScript = "diff \"${PODS_ROOT}/../Podfile.lock\" \"${PODS_ROOT}/Manifest.lock\" > /dev/null\nif [[ $? != 0 ]] ; then\n    cat << EOM\nerror: The sandbox is not in sync with the Podfile.lock. Run 'pod install' or update your CocoaPods installation.\nEOM\n    exit 1\nfi\n";
			showEnvVarsInLog = 0;
		};
/* End PBXShellScriptBuildPhase section */

/* Begin PBXSourcesBuildPhase section */
		94686C6B1C0BA9EE00D05BD9 /* Sources */ = {
			isa = PBXSourcesBuildPhase;
			buildActionMask = 2147483647;
			files = (
				94A39A511C28D12E00BA2BB8 /* LoginViewController.swift in Sources */,
				9476A9051C2B9EA6004AB8E3 /* ServicePickerTableViewCell.swift in Sources */,
				941CA13E1C3F6179004E4969 /* TournamentDTO.swift in Sources */,
				9447282F1C474B7B00F8E963 /* ConfigTableViewCell.swift in Sources */,
				944728411C4C5D3800F8E963 /* PerfilViewController.swift in Sources */,
				944728391C4C3A0100F8E963 /* GenericViewController.swift in Sources */,
				944728461C4C7E0A00F8E963 /* NewAlarmViewController.swift in Sources */,
				94A39A531C28D87500BA2BB8 /* AlarmItemTableViewCell.swift in Sources */,
				941CA13C1C3F5BF5004E4969 /* EventDTO.swift in Sources */,
				942A99661C1A12A400B12292 /* GenericTableViewController.swift in Sources */,
				9447283D1C4C537300F8E963 /* AlarmasViewController.swift in Sources */,
				94801F921C0DDFC100D05D6E /* TourView.swift in Sources */,
				9425DB291C2A0E34003CDB83 /* GenericDAO.swift in Sources */,
				94801F861C0DD7D100D05D6E /* TourViewController.swift in Sources */,
				94A39A551C28DCDD00BA2BB8 /* WeekDaysView.swift in Sources */,
				9425DB301C2A0ED4003CDB83 /* GenericDTO.swift in Sources */,
				942A997B1C1A15F500B12292 /* InfoAlarmTableViewCell.swift in Sources */,
				94500D6A1C346E20003A70FA /* PopUpPickerViewController.swift in Sources */,
				941421771C2BAA6B00D9495E /* PickerTableViewCell.swift in Sources */,
				94DEFEC21C51DE7400E40861 /* TorneosAdminViewController.swift in Sources */,
				941CA1321C3B676F004E4969 /* ConditionDTO.swift in Sources */,
				945C48B01C0F8168006367C9 /* MainTabBarController.swift in Sources */,
				9447283B1C4C3A1F00F8E963 /* ServicioViewController.swift in Sources */,
				9425DB261C2A0DBC003CDB83 /* TTInternetConnection.m in Sources */,
				9425DB441C2A3076003CDB83 /* UserDAO.swift in Sources */,
				941421811C2C6E1600D9495E /* ButtonTableFooterView.swift in Sources */,
				941CA1361C3F58CA004E4969 /* AlarmService.swift in Sources */,
				944728371C489A3700F8E963 /* NewAlarmInsertTableViewCell.swift in Sources */,
				942A99701C1A13BF00B12292 /* TorneosTableViewController.swift in Sources */,
				941CA12A1C322B9D004E4969 /* WeatherService.swift in Sources */,
				9447282B1C47343600F8E963 /* CirclePictureView.swift in Sources */,
				942A99741C1A13EF00B12292 /* PerfilTableViewController.swift in Sources */,
				9425DB251C2A0DBC003CDB83 /* Reachability.m in Sources */,
				942A99791C1A15C000B12292 /* GenericTableViewCell.swift in Sources */,
				9447283F1C4C5AF300F8E963 /* TorneosViewController.swift in Sources */,
				94A39A5C1C28FA8400BA2BB8 /* TorneoItemTableViewCell.swift in Sources */,
				942C18FD1C57C71C0071D10A /* CancelEventButtonTableViewCell.swift in Sources */,
				941CA12C1C322DC1004E4969 /* WeatherDAO.swift in Sources */,
				9425DB401C2A3022003CDB83 /* UserService.swift in Sources */,
				941421831C30CC7800D9495E /* RecoverDTO.swift in Sources */,
				941109C31C0CDF3C00E67905 /* UIFontExtension.swift in Sources */,
				94801F891C0DD8D100D05D6E /* RegisterViewController.swift in Sources */,
				94801F961C0E143400D05D6E /* CreateAccountViewController.swift in Sources */,
				94A39A571C28F3B300BA2BB8 /* CircleDayView.swift in Sources */,
				94686C731C0BA9EE00D05BD9 /* AppDelegate.swift in Sources */,
				9425DB421C2A304A003CDB83 /* UserDTO.swift in Sources */,
				9425DB351C2A0F09003CDB83 /* GenericService.swift in Sources */,
				944728311C475B7800F8E963 /* AdminViewController.swift in Sources */,
				9447282D1C47446700F8E963 /* AddressTableViewCell.swift in Sources */,
				94801F911C0DDFC100D05D6E /* RegisterFieldView.swift in Sources */,
				9414217F1C2C65C800D9495E /* PredictionTableViewCell.swift in Sources */,
				94500D671C3455FD003A70FA /* LocationDTO.swift in Sources */,
				94DEFEC41C5700E700E40861 /* TournamentObjectDTO.swift in Sources */,
				944728481C4C896B00F8E963 /* DaysButtonsView.swift in Sources */,
				942A99721C1A13D900B12292 /* ServicioTableViewController.swift in Sources */,
				94457EDB1C4D8224004D4E80 /* CheckAlarmDTO.swift in Sources */,
				941421791C2C430100D9495E /* ServiceAvisoTableViewCell.swift in Sources */,
				941CA1381C3F5911004E4969 /* AlarmDAO.swift in Sources */,
				941CA1401C3F6268004E4969 /* TeamDTO.swift in Sources */,
				9414217D1C2C59E200D9495E /* SliderTableViewCell.swift in Sources */,
				94A39A5E1C29021B00BA2BB8 /* AlarmHeaderView.swift in Sources */,
				9447284C1C4D72E100F8E963 /* TournamentService.swift in Sources */,
				94DEFEC61C570F3100E40861 /* TorneoCancelAllTableViewCell.swift in Sources */,
				942A997D1C1A165F00B12292 /* ItemTableViewCell.swift in Sources */,
				941CA1301C323B66004E4969 /* ForecastDTO.swift in Sources */,
				944728331C47615800F8E963 /* NewAlarmTableViewController.swift in Sources */,
				9447284E1C4D730D00F8E963 /* TournamentDAO.swift in Sources */,
				941CA13A1C3F5BCD004E4969 /* PersonalAlarmDTO.swift in Sources */,
				944728501C4D735500F8E963 /* TournamentAdminDTO.swift in Sources */,
				9447284A1C4C89B600F8E963 /* CircleDayButtonView.swift in Sources */,
				944728441C4C62E100F8E963 /* TorneoAdminTableViewCell.swift in Sources */,
				941CA1341C3CB49D004E4969 /* AlarmDTO.swift in Sources */,
				94F069881C571C5D00F88340 /* TournamentEventTableViewCell.swift in Sources */,
				944728291C47331200F8E963 /* PictureTableViewCell.swift in Sources */,
				9425DB361C2A0F09003CDB83 /* ServiceResult.swift in Sources */,
				94500D611C344616003A70FA /* LocationTableViewCell.swift in Sources */,
				941109C21C0CDF3C00E67905 /* UIColorExtension.swift in Sources */,
			);
			runOnlyForDeploymentPostprocessing = 0;
		};
		94686C7F1C0BA9EE00D05BD9 /* Sources */ = {
			isa = PBXSourcesBuildPhase;
			buildActionMask = 2147483647;
			files = (
			);
			runOnlyForDeploymentPostprocessing = 0;
		};
		94686C8A1C0BA9EE00D05BD9 /* Sources */ = {
			isa = PBXSourcesBuildPhase;
			buildActionMask = 2147483647;
			files = (
			);
			runOnlyForDeploymentPostprocessing = 0;
		};
/* End PBXSourcesBuildPhase section */

/* Begin PBXTargetDependency section */
		94686C851C0BA9EE00D05BD9 /* PBXTargetDependency */ = {
			isa = PBXTargetDependency;
			target = 94686C6E1C0BA9EE00D05BD9 /* NoWA */;
			targetProxy = 94686C841C0BA9EE00D05BD9 /* PBXContainerItemProxy */;
		};
		94686C901C0BA9EE00D05BD9 /* PBXTargetDependency */ = {
			isa = PBXTargetDependency;
			target = 94686C6E1C0BA9EE00D05BD9 /* NoWA */;
			targetProxy = 94686C8F1C0BA9EE00D05BD9 /* PBXContainerItemProxy */;
		};
/* End PBXTargetDependency section */

/* Begin XCBuildConfiguration section */
		94686C951C0BA9EE00D05BD9 /* Debug */ = {
			isa = XCBuildConfiguration;
			buildSettings = {
				ALWAYS_SEARCH_USER_PATHS = NO;
				CLANG_CXX_LANGUAGE_STANDARD = "gnu++0x";
				CLANG_CXX_LIBRARY = "libc++";
				CLANG_ENABLE_MODULES = YES;
				CLANG_ENABLE_OBJC_ARC = YES;
				CLANG_WARN_BOOL_CONVERSION = YES;
				CLANG_WARN_CONSTANT_CONVERSION = YES;
				CLANG_WARN_DIRECT_OBJC_ISA_USAGE = YES_ERROR;
				CLANG_WARN_EMPTY_BODY = YES;
				CLANG_WARN_ENUM_CONVERSION = YES;
				CLANG_WARN_INT_CONVERSION = YES;
				CLANG_WARN_OBJC_ROOT_CLASS = YES_ERROR;
				CLANG_WARN_UNREACHABLE_CODE = YES;
				CLANG_WARN__DUPLICATE_METHOD_MATCH = YES;
				"CODE_SIGN_IDENTITY[sdk=iphoneos*]" = "iPhone Developer";
				COPY_PHASE_STRIP = NO;
				DEBUG_INFORMATION_FORMAT = dwarf;
				ENABLE_STRICT_OBJC_MSGSEND = YES;
				ENABLE_TESTABILITY = YES;
				GCC_C_LANGUAGE_STANDARD = gnu99;
				GCC_DYNAMIC_NO_PIC = NO;
				GCC_NO_COMMON_BLOCKS = YES;
				GCC_OPTIMIZATION_LEVEL = 0;
				GCC_PREPROCESSOR_DEFINITIONS = (
					"DEBUG=1",
					"$(inherited)",
				);
				GCC_WARN_64_TO_32_BIT_CONVERSION = YES;
				GCC_WARN_ABOUT_RETURN_TYPE = YES_ERROR;
				GCC_WARN_UNDECLARED_SELECTOR = YES;
				GCC_WARN_UNINITIALIZED_AUTOS = YES_AGGRESSIVE;
				GCC_WARN_UNUSED_FUNCTION = YES;
				GCC_WARN_UNUSED_VARIABLE = YES;
				IPHONEOS_DEPLOYMENT_TARGET = 9.1;
				MTL_ENABLE_DEBUG_INFO = YES;
				ONLY_ACTIVE_ARCH = YES;
				SDKROOT = iphoneos;
				SWIFT_OPTIMIZATION_LEVEL = "-Onone";
				TARGETED_DEVICE_FAMILY = "1,2";
			};
			name = Debug;
		};
		94686C961C0BA9EE00D05BD9 /* Release */ = {
			isa = XCBuildConfiguration;
			buildSettings = {
				ALWAYS_SEARCH_USER_PATHS = NO;
				CLANG_CXX_LANGUAGE_STANDARD = "gnu++0x";
				CLANG_CXX_LIBRARY = "libc++";
				CLANG_ENABLE_MODULES = YES;
				CLANG_ENABLE_OBJC_ARC = YES;
				CLANG_WARN_BOOL_CONVERSION = YES;
				CLANG_WARN_CONSTANT_CONVERSION = YES;
				CLANG_WARN_DIRECT_OBJC_ISA_USAGE = YES_ERROR;
				CLANG_WARN_EMPTY_BODY = YES;
				CLANG_WARN_ENUM_CONVERSION = YES;
				CLANG_WARN_INT_CONVERSION = YES;
				CLANG_WARN_OBJC_ROOT_CLASS = YES_ERROR;
				CLANG_WARN_UNREACHABLE_CODE = YES;
				CLANG_WARN__DUPLICATE_METHOD_MATCH = YES;
				"CODE_SIGN_IDENTITY[sdk=iphoneos*]" = "iPhone Developer";
				COPY_PHASE_STRIP = NO;
				DEBUG_INFORMATION_FORMAT = "dwarf-with-dsym";
				ENABLE_NS_ASSERTIONS = NO;
				ENABLE_STRICT_OBJC_MSGSEND = YES;
				GCC_C_LANGUAGE_STANDARD = gnu99;
				GCC_NO_COMMON_BLOCKS = YES;
				GCC_WARN_64_TO_32_BIT_CONVERSION = YES;
				GCC_WARN_ABOUT_RETURN_TYPE = YES_ERROR;
				GCC_WARN_UNDECLARED_SELECTOR = YES;
				GCC_WARN_UNINITIALIZED_AUTOS = YES_AGGRESSIVE;
				GCC_WARN_UNUSED_FUNCTION = YES;
				GCC_WARN_UNUSED_VARIABLE = YES;
				IPHONEOS_DEPLOYMENT_TARGET = 9.1;
				MTL_ENABLE_DEBUG_INFO = NO;
				SDKROOT = iphoneos;
				TARGETED_DEVICE_FAMILY = "1,2";
				VALIDATE_PRODUCT = YES;
			};
			name = Release;
		};
		94686C981C0BA9EE00D05BD9 /* Debug */ = {
			isa = XCBuildConfiguration;
			baseConfigurationReference = 1D78AA6A48DB986E52D0FAD3 /* Pods.debug.xcconfig */;
			buildSettings = {
				ASSETCATALOG_COMPILER_APPICON_NAME = AppIcon;
				CODE_SIGN_IDENTITY = "iPhone Developer";
				"CODE_SIGN_IDENTITY[sdk=iphoneos*]" = "iPhone Developer";
				EMBEDDED_CONTENT_CONTAINS_SWIFT = YES;
				INFOPLIST_FILE = NoWA/Info.plist;
				IPHONEOS_DEPLOYMENT_TARGET = 9.1;
				LD_RUNPATH_SEARCH_PATHS = "$(inherited) @executable_path/Frameworks";
				PRODUCT_BUNDLE_IDENTIFIER = com.egl.NoWA;
				PRODUCT_NAME = "$(TARGET_NAME)";
				PROVISIONING_PROFILE = "";
				SWIFT_OBJC_BRIDGING_HEADER = "NoWA/NoWA-Bridging-Header.h";
			};
			name = Debug;
		};
		94686C991C0BA9EE00D05BD9 /* Release */ = {
			isa = XCBuildConfiguration;
			baseConfigurationReference = 449A99101F6C47F0BC1B008D /* Pods.release.xcconfig */;
			buildSettings = {
				ASSETCATALOG_COMPILER_APPICON_NAME = AppIcon;
				CODE_SIGN_IDENTITY = "iPhone Developer";
				"CODE_SIGN_IDENTITY[sdk=iphoneos*]" = "iPhone Developer";
				EMBEDDED_CONTENT_CONTAINS_SWIFT = YES;
				INFOPLIST_FILE = NoWA/Info.plist;
				IPHONEOS_DEPLOYMENT_TARGET = 9.1;
				LD_RUNPATH_SEARCH_PATHS = "$(inherited) @executable_path/Frameworks";
				PRODUCT_BUNDLE_IDENTIFIER = com.egl.NoWA;
				PRODUCT_NAME = "$(TARGET_NAME)";
				PROVISIONING_PROFILE = "";
				SWIFT_OBJC_BRIDGING_HEADER = "NoWA/NoWA-Bridging-Header.h";
			};
			name = Release;
		};
		94686C9B1C0BA9EE00D05BD9 /* Debug */ = {
			isa = XCBuildConfiguration;
			buildSettings = {
				BUNDLE_LOADER = "$(TEST_HOST)";
				INFOPLIST_FILE = NoWATests/Info.plist;
				LD_RUNPATH_SEARCH_PATHS = "$(inherited) @executable_path/Frameworks @loader_path/Frameworks";
				PRODUCT_BUNDLE_IDENTIFIER = com.egl.NoWATests;
				PRODUCT_NAME = "$(TARGET_NAME)";
				TEST_HOST = "$(BUILT_PRODUCTS_DIR)/NoWA.app/NoWA";
			};
			name = Debug;
		};
		94686C9C1C0BA9EE00D05BD9 /* Release */ = {
			isa = XCBuildConfiguration;
			buildSettings = {
				BUNDLE_LOADER = "$(TEST_HOST)";
				INFOPLIST_FILE = NoWATests/Info.plist;
				LD_RUNPATH_SEARCH_PATHS = "$(inherited) @executable_path/Frameworks @loader_path/Frameworks";
				PRODUCT_BUNDLE_IDENTIFIER = com.egl.NoWATests;
				PRODUCT_NAME = "$(TARGET_NAME)";
				TEST_HOST = "$(BUILT_PRODUCTS_DIR)/NoWA.app/NoWA";
			};
			name = Release;
		};
		94686C9E1C0BA9EE00D05BD9 /* Debug */ = {
			isa = XCBuildConfiguration;
			buildSettings = {
				INFOPLIST_FILE = NoWAUITests/Info.plist;
				LD_RUNPATH_SEARCH_PATHS = "$(inherited) @executable_path/Frameworks @loader_path/Frameworks";
				PRODUCT_BUNDLE_IDENTIFIER = com.egl.NoWAUITests;
				PRODUCT_NAME = "$(TARGET_NAME)";
				TEST_TARGET_NAME = NoWA;
				USES_XCTRUNNER = YES;
			};
			name = Debug;
		};
		94686C9F1C0BA9EE00D05BD9 /* Release */ = {
			isa = XCBuildConfiguration;
			buildSettings = {
				INFOPLIST_FILE = NoWAUITests/Info.plist;
				LD_RUNPATH_SEARCH_PATHS = "$(inherited) @executable_path/Frameworks @loader_path/Frameworks";
				PRODUCT_BUNDLE_IDENTIFIER = com.egl.NoWAUITests;
				PRODUCT_NAME = "$(TARGET_NAME)";
				TEST_TARGET_NAME = NoWA;
				USES_XCTRUNNER = YES;
			};
			name = Release;
		};
/* End XCBuildConfiguration section */

/* Begin XCConfigurationList section */
		94686C6A1C0BA9EE00D05BD9 /* Build configuration list for PBXProject "NoWA" */ = {
			isa = XCConfigurationList;
			buildConfigurations = (
				94686C951C0BA9EE00D05BD9 /* Debug */,
				94686C961C0BA9EE00D05BD9 /* Release */,
			);
			defaultConfigurationIsVisible = 0;
			defaultConfigurationName = Release;
		};
		94686C971C0BA9EE00D05BD9 /* Build configuration list for PBXNativeTarget "NoWA" */ = {
			isa = XCConfigurationList;
			buildConfigurations = (
				94686C981C0BA9EE00D05BD9 /* Debug */,
				94686C991C0BA9EE00D05BD9 /* Release */,
			);
			defaultConfigurationIsVisible = 0;
			defaultConfigurationName = Release;
		};
		94686C9A1C0BA9EE00D05BD9 /* Build configuration list for PBXNativeTarget "NoWATests" */ = {
			isa = XCConfigurationList;
			buildConfigurations = (
				94686C9B1C0BA9EE00D05BD9 /* Debug */,
				94686C9C1C0BA9EE00D05BD9 /* Release */,
			);
			defaultConfigurationIsVisible = 0;
			defaultConfigurationName = Release;
		};
		94686C9D1C0BA9EE00D05BD9 /* Build configuration list for PBXNativeTarget "NoWAUITests" */ = {
			isa = XCConfigurationList;
			buildConfigurations = (
				94686C9E1C0BA9EE00D05BD9 /* Debug */,
				94686C9F1C0BA9EE00D05BD9 /* Release */,
			);
			defaultConfigurationIsVisible = 0;
			defaultConfigurationName = Release;
		};
/* End XCConfigurationList section */
	};
	rootObject = 94686C671C0BA9EE00D05BD9 /* Project object */;
}
